
Microsoft Visual Studio Solution File, Format Version 12.00
# Visual Studio Version 17
VisualStudioVersion = 17.0.32014.148
MinimumVisualStudioVersion = 10.0.40219.1
Project("{2150E333-8FDC-42A3-9474-1A3956D46DE8}") = "ReswPlus", "ReswPlus", "{AEA1103C-E9B0-411A-84B7-5C862D882C76}"
EndProject
Project("{2150E333-8FDC-42A3-9474-1A3956D46DE8}") = "Solution Items", "Solution Items", "{0E2BD887-E1E2-4BDC-9C86-6A649DDEEFFE}"
	ProjectSection(SolutionItems) = preProject
		.editorconfig = .editorconfig
	EndProjectSection
EndProject
Project("{2150E333-8FDC-42A3-9474-1A3956D46DE8}") = "Samples", "Samples", "{EEE23CC6-ADCC-4A4C-BE12-8645AE46D513}"
EndProject
Project("{2150E333-8FDC-42A3-9474-1A3956D46DE8}") = "UWP", "UWP", "{29AAFC90-254E-408F-96D0-1C523048D547}"
EndProject
Project("{FAE04EC0-301F-11D3-BF4B-00C04F79EFBC}") = "ReswPlusUWPSample", "samples\UWP\ReswPlusUWPSample\ReswPlusUWPSample.csproj", "{C52E4620-D5EB-45CF-8740-EA9CD689F1FA}"
EndProject
Project("{FAE04EC0-301F-11D3-BF4B-00C04F79EFBC}") = "ReswPlusUWPSampleExternalLibrary", "samples\UWP\ReswPlusUWPSampleExternalLibrary\ReswPlusUWPSampleExternalLibrary.csproj", "{9DEC4BEE-A4B0-41AE-926F-4F97450F4115}"
EndProject
Project("{2150E333-8FDC-42A3-9474-1A3956D46DE8}") = "Tests", "Tests", "{E8AA72DF-76B7-46DF-BF01-B79BEC82DF67}"
EndProject
Project("{9A19103F-16F7-4668-BE54-9A1E7A4F7556}") = "ReswPlusUnitTests", "tests\ReswPlusUnitTests\ReswPlusUnitTests.csproj", "{A3B0D767-D33D-49D6-A8F3-8BDF316549DD}"
EndProject
Project("{D954291E-2A0B-460D-934E-DC6B0785DB48}") = "ReswPlus.Shared", "src\ReswPlus.Shared\ReswPlus.Shared.shproj", "{1A6FF0BD-991A-417E-A79D-98EBB4208816}"
EndProject
Project("{9A19103F-16F7-4668-BE54-9A1E7A4F7556}") = "ReswPlusCmd", "src\ReswPlus.CommandLine\ReswPlusCmd.csproj", "{AC1FB0F6-D947-46E0-9F28-694B1561BDB8}"
EndProject
Project("{9A19103F-16F7-4668-BE54-9A1E7A4F7556}") = "ReswPlus.SourceGenerator", "src\ReswPlus.SourceGenerator\ReswPlus.SourceGenerator.csproj", "{44D125B3-6C8A-4F2F-A76F-BFFB2AD7E70D}"
EndProject
Project("{2150E333-8FDC-42A3-9474-1A3956D46DE8}") = "WinAppSDK", "WinAppSDK", "{AECE188B-3BA6-483E-9D7D-82B684574080}"
EndProject
Project("{9A19103F-16F7-4668-BE54-9A1E7A4F7556}") = "ReswPlusWinAppSDKSample", "samples\WinAppSDK\ReswPlusWinAppSDKSample\ReswPlusWinAppSDKSample.csproj", "{FCD70E61-461B-4313-9669-9F5A4E900B77}"
EndProject
Project("{FAE04EC0-301F-11D3-BF4B-00C04F79EFBC}") = "ReswPlusWinAppSDKSampleExternalLibrary", "samples\WinAppSDK\ReswPlusWinAppSDKSampleExternalLibrary\ReswPlusWinAppSDKSampleExternalLibrary.csproj", "{153332E2-9939-46EE-982E-CE2415643B8A}"
EndProject
Global
	GlobalSection(SolutionConfigurationPlatforms) = preSolution
		Debug|Any CPU = Debug|Any CPU
		Debug|ARM = Debug|ARM
		Debug|ARM64 = Debug|ARM64
		Debug|x64 = Debug|x64
		Debug|x86 = Debug|x86
		Release|Any CPU = Release|Any CPU
		Release|ARM = Release|ARM
		Release|ARM64 = Release|ARM64
		Release|x64 = Release|x64
		Release|x86 = Release|x86
	EndGlobalSection
	GlobalSection(ProjectConfigurationPlatforms) = postSolution
		{C52E4620-D5EB-45CF-8740-EA9CD689F1FA}.Debug|Any CPU.ActiveCfg = Debug|x64
		{C52E4620-D5EB-45CF-8740-EA9CD689F1FA}.Debug|Any CPU.Build.0 = Debug|x64
		{C52E4620-D5EB-45CF-8740-EA9CD689F1FA}.Debug|Any CPU.Deploy.0 = Debug|x64
		{C52E4620-D5EB-45CF-8740-EA9CD689F1FA}.Debug|ARM.ActiveCfg = Debug|ARM
		{C52E4620-D5EB-45CF-8740-EA9CD689F1FA}.Debug|ARM.Build.0 = Debug|ARM
		{C52E4620-D5EB-45CF-8740-EA9CD689F1FA}.Debug|ARM.Deploy.0 = Debug|ARM
		{C52E4620-D5EB-45CF-8740-EA9CD689F1FA}.Debug|ARM64.ActiveCfg = Debug|ARM64
		{C52E4620-D5EB-45CF-8740-EA9CD689F1FA}.Debug|ARM64.Build.0 = Debug|ARM64
		{C52E4620-D5EB-45CF-8740-EA9CD689F1FA}.Debug|ARM64.Deploy.0 = Debug|ARM64
		{C52E4620-D5EB-45CF-8740-EA9CD689F1FA}.Debug|x64.ActiveCfg = Debug|x64
		{C52E4620-D5EB-45CF-8740-EA9CD689F1FA}.Debug|x64.Build.0 = Debug|x64
		{C52E4620-D5EB-45CF-8740-EA9CD689F1FA}.Debug|x64.Deploy.0 = Debug|x64
		{C52E4620-D5EB-45CF-8740-EA9CD689F1FA}.Debug|x86.ActiveCfg = Debug|x86
		{C52E4620-D5EB-45CF-8740-EA9CD689F1FA}.Debug|x86.Build.0 = Debug|x86
		{C52E4620-D5EB-45CF-8740-EA9CD689F1FA}.Debug|x86.Deploy.0 = Debug|x86
		{C52E4620-D5EB-45CF-8740-EA9CD689F1FA}.Release|Any CPU.ActiveCfg = Release|x64
		{C52E4620-D5EB-45CF-8740-EA9CD689F1FA}.Release|Any CPU.Build.0 = Release|x64
		{C52E4620-D5EB-45CF-8740-EA9CD689F1FA}.Release|Any CPU.Deploy.0 = Release|x64
		{C52E4620-D5EB-45CF-8740-EA9CD689F1FA}.Release|ARM.ActiveCfg = Release|ARM
		{C52E4620-D5EB-45CF-8740-EA9CD689F1FA}.Release|ARM.Build.0 = Release|ARM
		{C52E4620-D5EB-45CF-8740-EA9CD689F1FA}.Release|ARM.Deploy.0 = Release|ARM
		{C52E4620-D5EB-45CF-8740-EA9CD689F1FA}.Release|ARM64.ActiveCfg = Release|ARM64
		{C52E4620-D5EB-45CF-8740-EA9CD689F1FA}.Release|ARM64.Build.0 = Release|ARM64
		{C52E4620-D5EB-45CF-8740-EA9CD689F1FA}.Release|ARM64.Deploy.0 = Release|ARM64
		{C52E4620-D5EB-45CF-8740-EA9CD689F1FA}.Release|x64.ActiveCfg = Release|x64
		{C52E4620-D5EB-45CF-8740-EA9CD689F1FA}.Release|x64.Build.0 = Release|x64
		{C52E4620-D5EB-45CF-8740-EA9CD689F1FA}.Release|x64.Deploy.0 = Release|x64
		{C52E4620-D5EB-45CF-8740-EA9CD689F1FA}.Release|x86.ActiveCfg = Release|x86
		{C52E4620-D5EB-45CF-8740-EA9CD689F1FA}.Release|x86.Build.0 = Release|x86
		{C52E4620-D5EB-45CF-8740-EA9CD689F1FA}.Release|x86.Deploy.0 = Release|x86
		{9DEC4BEE-A4B0-41AE-926F-4F97450F4115}.Debug|Any CPU.ActiveCfg = Debug|Any CPU
		{9DEC4BEE-A4B0-41AE-926F-4F97450F4115}.Debug|Any CPU.Build.0 = Debug|Any CPU
		{9DEC4BEE-A4B0-41AE-926F-4F97450F4115}.Debug|ARM.ActiveCfg = Debug|ARM
		{9DEC4BEE-A4B0-41AE-926F-4F97450F4115}.Debug|ARM.Build.0 = Debug|ARM
		{9DEC4BEE-A4B0-41AE-926F-4F97450F4115}.Debug|ARM64.ActiveCfg = Debug|ARM64
		{9DEC4BEE-A4B0-41AE-926F-4F97450F4115}.Debug|ARM64.Build.0 = Debug|ARM64
		{9DEC4BEE-A4B0-41AE-926F-4F97450F4115}.Debug|x64.ActiveCfg = Debug|x64
		{9DEC4BEE-A4B0-41AE-926F-4F97450F4115}.Debug|x64.Build.0 = Debug|x64
		{9DEC4BEE-A4B0-41AE-926F-4F97450F4115}.Debug|x86.ActiveCfg = Debug|x86
		{9DEC4BEE-A4B0-41AE-926F-4F97450F4115}.Debug|x86.Build.0 = Debug|x86
		{9DEC4BEE-A4B0-41AE-926F-4F97450F4115}.Release|Any CPU.ActiveCfg = Release|Any CPU
		{9DEC4BEE-A4B0-41AE-926F-4F97450F4115}.Release|Any CPU.Build.0 = Release|Any CPU
		{9DEC4BEE-A4B0-41AE-926F-4F97450F4115}.Release|ARM.ActiveCfg = Release|ARM
		{9DEC4BEE-A4B0-41AE-926F-4F97450F4115}.Release|ARM.Build.0 = Release|ARM
		{9DEC4BEE-A4B0-41AE-926F-4F97450F4115}.Release|ARM64.ActiveCfg = Release|ARM64
		{9DEC4BEE-A4B0-41AE-926F-4F97450F4115}.Release|ARM64.Build.0 = Release|ARM64
		{9DEC4BEE-A4B0-41AE-926F-4F97450F4115}.Release|x64.ActiveCfg = Release|x64
		{9DEC4BEE-A4B0-41AE-926F-4F97450F4115}.Release|x64.Build.0 = Release|x64
		{9DEC4BEE-A4B0-41AE-926F-4F97450F4115}.Release|x86.ActiveCfg = Release|x86
		{9DEC4BEE-A4B0-41AE-926F-4F97450F4115}.Release|x86.Build.0 = Release|x86
		{A3B0D767-D33D-49D6-A8F3-8BDF316549DD}.Debug|Any CPU.ActiveCfg = Debug|Any CPU
		{A3B0D767-D33D-49D6-A8F3-8BDF316549DD}.Debug|Any CPU.Build.0 = Debug|Any CPU
		{A3B0D767-D33D-49D6-A8F3-8BDF316549DD}.Debug|ARM.ActiveCfg = Debug|Any CPU
		{A3B0D767-D33D-49D6-A8F3-8BDF316549DD}.Debug|ARM.Build.0 = Debug|Any CPU
		{A3B0D767-D33D-49D6-A8F3-8BDF316549DD}.Debug|ARM64.ActiveCfg = Debug|Any CPU
		{A3B0D767-D33D-49D6-A8F3-8BDF316549DD}.Debug|ARM64.Build.0 = Debug|Any CPU
		{A3B0D767-D33D-49D6-A8F3-8BDF316549DD}.Debug|x64.ActiveCfg = Debug|Any CPU
		{A3B0D767-D33D-49D6-A8F3-8BDF316549DD}.Debug|x64.Build.0 = Debug|Any CPU
		{A3B0D767-D33D-49D6-A8F3-8BDF316549DD}.Debug|x86.ActiveCfg = Debug|Any CPU
		{A3B0D767-D33D-49D6-A8F3-8BDF316549DD}.Debug|x86.Build.0 = Debug|Any CPU
		{A3B0D767-D33D-49D6-A8F3-8BDF316549DD}.Release|Any CPU.ActiveCfg = Release|Any CPU
		{A3B0D767-D33D-49D6-A8F3-8BDF316549DD}.Release|Any CPU.Build.0 = Release|Any CPU
		{A3B0D767-D33D-49D6-A8F3-8BDF316549DD}.Release|ARM.ActiveCfg = Release|Any CPU
		{A3B0D767-D33D-49D6-A8F3-8BDF316549DD}.Release|ARM.Build.0 = Release|Any CPU
		{A3B0D767-D33D-49D6-A8F3-8BDF316549DD}.Release|ARM64.ActiveCfg = Release|Any CPU
		{A3B0D767-D33D-49D6-A8F3-8BDF316549DD}.Release|ARM64.Build.0 = Release|Any CPU
		{A3B0D767-D33D-49D6-A8F3-8BDF316549DD}.Release|x64.ActiveCfg = Release|Any CPU
		{A3B0D767-D33D-49D6-A8F3-8BDF316549DD}.Release|x64.Build.0 = Release|Any CPU
		{A3B0D767-D33D-49D6-A8F3-8BDF316549DD}.Release|x86.ActiveCfg = Release|Any CPU
		{A3B0D767-D33D-49D6-A8F3-8BDF316549DD}.Release|x86.Build.0 = Release|Any CPU
		{AC1FB0F6-D947-46E0-9F28-694B1561BDB8}.Debug|Any CPU.ActiveCfg = Debug|Any CPU
		{AC1FB0F6-D947-46E0-9F28-694B1561BDB8}.Debug|Any CPU.Build.0 = Debug|Any CPU
		{AC1FB0F6-D947-46E0-9F28-694B1561BDB8}.Debug|ARM.ActiveCfg = Debug|Any CPU
		{AC1FB0F6-D947-46E0-9F28-694B1561BDB8}.Debug|ARM.Build.0 = Debug|Any CPU
		{AC1FB0F6-D947-46E0-9F28-694B1561BDB8}.Debug|ARM64.ActiveCfg = Debug|Any CPU
		{AC1FB0F6-D947-46E0-9F28-694B1561BDB8}.Debug|ARM64.Build.0 = Debug|Any CPU
		{AC1FB0F6-D947-46E0-9F28-694B1561BDB8}.Debug|x64.ActiveCfg = Debug|Any CPU
		{AC1FB0F6-D947-46E0-9F28-694B1561BDB8}.Debug|x64.Build.0 = Debug|Any CPU
		{AC1FB0F6-D947-46E0-9F28-694B1561BDB8}.Debug|x86.ActiveCfg = Debug|Any CPU
		{AC1FB0F6-D947-46E0-9F28-694B1561BDB8}.Debug|x86.Build.0 = Debug|Any CPU
		{AC1FB0F6-D947-46E0-9F28-694B1561BDB8}.Release|Any CPU.ActiveCfg = Release|Any CPU
		{AC1FB0F6-D947-46E0-9F28-694B1561BDB8}.Release|Any CPU.Build.0 = Release|Any CPU
		{AC1FB0F6-D947-46E0-9F28-694B1561BDB8}.Release|ARM.ActiveCfg = Release|Any CPU
		{AC1FB0F6-D947-46E0-9F28-694B1561BDB8}.Release|ARM.Build.0 = Release|Any CPU
		{AC1FB0F6-D947-46E0-9F28-694B1561BDB8}.Release|ARM64.ActiveCfg = Release|Any CPU
		{AC1FB0F6-D947-46E0-9F28-694B1561BDB8}.Release|ARM64.Build.0 = Release|Any CPU
		{AC1FB0F6-D947-46E0-9F28-694B1561BDB8}.Release|x64.ActiveCfg = Release|Any CPU
		{AC1FB0F6-D947-46E0-9F28-694B1561BDB8}.Release|x64.Build.0 = Release|Any CPU
		{AC1FB0F6-D947-46E0-9F28-694B1561BDB8}.Release|x86.ActiveCfg = Release|Any CPU
		{AC1FB0F6-D947-46E0-9F28-694B1561BDB8}.Release|x86.Build.0 = Release|Any CPU
		{44D125B3-6C8A-4F2F-A76F-BFFB2AD7E70D}.Debug|Any CPU.ActiveCfg = Debug|Any CPU
		{44D125B3-6C8A-4F2F-A76F-BFFB2AD7E70D}.Debug|Any CPU.Build.0 = Debug|Any CPU
		{44D125B3-6C8A-4F2F-A76F-BFFB2AD7E70D}.Debug|ARM.ActiveCfg = Debug|Any CPU
		{44D125B3-6C8A-4F2F-A76F-BFFB2AD7E70D}.Debug|ARM.Build.0 = Debug|Any CPU
		{44D125B3-6C8A-4F2F-A76F-BFFB2AD7E70D}.Debug|ARM64.ActiveCfg = Debug|Any CPU
		{44D125B3-6C8A-4F2F-A76F-BFFB2AD7E70D}.Debug|ARM64.Build.0 = Debug|Any CPU
		{44D125B3-6C8A-4F2F-A76F-BFFB2AD7E70D}.Debug|x64.ActiveCfg = Debug|Any CPU
		{44D125B3-6C8A-4F2F-A76F-BFFB2AD7E70D}.Debug|x64.Build.0 = Debug|Any CPU
		{44D125B3-6C8A-4F2F-A76F-BFFB2AD7E70D}.Debug|x86.ActiveCfg = Debug|Any CPU
		{44D125B3-6C8A-4F2F-A76F-BFFB2AD7E70D}.Debug|x86.Build.0 = Debug|Any CPU
		{44D125B3-6C8A-4F2F-A76F-BFFB2AD7E70D}.Release|Any CPU.ActiveCfg = Release|Any CPU
		{44D125B3-6C8A-4F2F-A76F-BFFB2AD7E70D}.Release|Any CPU.Build.0 = Release|Any CPU
		{44D125B3-6C8A-4F2F-A76F-BFFB2AD7E70D}.Release|ARM.ActiveCfg = Release|Any CPU
		{44D125B3-6C8A-4F2F-A76F-BFFB2AD7E70D}.Release|ARM.Build.0 = Release|Any CPU
		{44D125B3-6C8A-4F2F-A76F-BFFB2AD7E70D}.Release|ARM64.ActiveCfg = Release|Any CPU
		{44D125B3-6C8A-4F2F-A76F-BFFB2AD7E70D}.Release|ARM64.Build.0 = Release|Any CPU
		{44D125B3-6C8A-4F2F-A76F-BFFB2AD7E70D}.Release|x64.ActiveCfg = Release|Any CPU
		{44D125B3-6C8A-4F2F-A76F-BFFB2AD7E70D}.Release|x64.Build.0 = Release|Any CPU
		{44D125B3-6C8A-4F2F-A76F-BFFB2AD7E70D}.Release|x86.ActiveCfg = Release|Any CPU
		{44D125B3-6C8A-4F2F-A76F-BFFB2AD7E70D}.Release|x86.Build.0 = Release|Any CPU
		{FCD70E61-461B-4313-9669-9F5A4E900B77}.Debug|Any CPU.ActiveCfg = Debug|x64
		{FCD70E61-461B-4313-9669-9F5A4E900B77}.Debug|Any CPU.Build.0 = Debug|x64
		{FCD70E61-461B-4313-9669-9F5A4E900B77}.Debug|Any CPU.Deploy.0 = Debug|x64
		{FCD70E61-461B-4313-9669-9F5A4E900B77}.Debug|ARM.ActiveCfg = Debug|x64
		{FCD70E61-461B-4313-9669-9F5A4E900B77}.Debug|ARM.Build.0 = Debug|x64
		{FCD70E61-461B-4313-9669-9F5A4E900B77}.Debug|ARM.Deploy.0 = Debug|x64
		{FCD70E61-461B-4313-9669-9F5A4E900B77}.Debug|ARM64.ActiveCfg = Debug|ARM64
		{FCD70E61-461B-4313-9669-9F5A4E900B77}.Debug|ARM64.Build.0 = Debug|ARM64
		{FCD70E61-461B-4313-9669-9F5A4E900B77}.Debug|ARM64.Deploy.0 = Debug|ARM64
		{FCD70E61-461B-4313-9669-9F5A4E900B77}.Debug|x64.ActiveCfg = Debug|x64
		{FCD70E61-461B-4313-9669-9F5A4E900B77}.Debug|x64.Build.0 = Debug|x64
		{FCD70E61-461B-4313-9669-9F5A4E900B77}.Debug|x64.Deploy.0 = Debug|x64
		{FCD70E61-461B-4313-9669-9F5A4E900B77}.Debug|x86.ActiveCfg = Debug|x86
		{FCD70E61-461B-4313-9669-9F5A4E900B77}.Debug|x86.Build.0 = Debug|x86
		{FCD70E61-461B-4313-9669-9F5A4E900B77}.Debug|x86.Deploy.0 = Debug|x86
		{FCD70E61-461B-4313-9669-9F5A4E900B77}.Release|Any CPU.ActiveCfg = Release|x64
		{FCD70E61-461B-4313-9669-9F5A4E900B77}.Release|Any CPU.Build.0 = Release|x64
		{FCD70E61-461B-4313-9669-9F5A4E900B77}.Release|Any CPU.Deploy.0 = Release|x64
		{FCD70E61-461B-4313-9669-9F5A4E900B77}.Release|ARM.ActiveCfg = Release|x64
		{FCD70E61-461B-4313-9669-9F5A4E900B77}.Release|ARM.Build.0 = Release|x64
		{FCD70E61-461B-4313-9669-9F5A4E900B77}.Release|ARM.Deploy.0 = Release|x64
		{FCD70E61-461B-4313-9669-9F5A4E900B77}.Release|ARM64.ActiveCfg = Release|ARM64
		{FCD70E61-461B-4313-9669-9F5A4E900B77}.Release|ARM64.Build.0 = Release|ARM64
		{FCD70E61-461B-4313-9669-9F5A4E900B77}.Release|ARM64.Deploy.0 = Release|ARM64
		{FCD70E61-461B-4313-9669-9F5A4E900B77}.Release|x64.ActiveCfg = Release|x64
		{FCD70E61-461B-4313-9669-9F5A4E900B77}.Release|x64.Build.0 = Release|x64
		{FCD70E61-461B-4313-9669-9F5A4E900B77}.Release|x64.Deploy.0 = Release|x64
		{FCD70E61-461B-4313-9669-9F5A4E900B77}.Release|x86.ActiveCfg = Release|x86
		{FCD70E61-461B-4313-9669-9F5A4E900B77}.Release|x86.Build.0 = Release|x86
		{FCD70E61-461B-4313-9669-9F5A4E900B77}.Release|x86.Deploy.0 = Release|x86
		{153332E2-9939-46EE-982E-CE2415643B8A}.Debug|Any CPU.ActiveCfg = Debug|Any CPU
		{153332E2-9939-46EE-982E-CE2415643B8A}.Debug|Any CPU.Build.0 = Debug|Any CPU
		{153332E2-9939-46EE-982E-CE2415643B8A}.Debug|ARM.ActiveCfg = Debug|Any CPU
		{153332E2-9939-46EE-982E-CE2415643B8A}.Debug|ARM.Build.0 = Debug|Any CPU
		{153332E2-9939-46EE-982E-CE2415643B8A}.Debug|ARM64.ActiveCfg = Debug|Any CPU
		{153332E2-9939-46EE-982E-CE2415643B8A}.Debug|ARM64.Build.0 = Debug|Any CPU
		{153332E2-9939-46EE-982E-CE2415643B8A}.Debug|x64.ActiveCfg = Debug|Any CPU
		{153332E2-9939-46EE-982E-CE2415643B8A}.Debug|x64.Build.0 = Debug|Any CPU
		{153332E2-9939-46EE-982E-CE2415643B8A}.Debug|x86.ActiveCfg = Debug|Any CPU
		{153332E2-9939-46EE-982E-CE2415643B8A}.Debug|x86.Build.0 = Debug|Any CPU
		{153332E2-9939-46EE-982E-CE2415643B8A}.Release|Any CPU.ActiveCfg = Release|Any CPU
		{153332E2-9939-46EE-982E-CE2415643B8A}.Release|Any CPU.Build.0 = Release|Any CPU
		{153332E2-9939-46EE-982E-CE2415643B8A}.Release|ARM.ActiveCfg = Release|Any CPU
		{153332E2-9939-46EE-982E-CE2415643B8A}.Release|ARM.Build.0 = Release|Any CPU
		{153332E2-9939-46EE-982E-CE2415643B8A}.Release|ARM64.ActiveCfg = Release|Any CPU
		{153332E2-9939-46EE-982E-CE2415643B8A}.Release|ARM64.Build.0 = Release|Any CPU
		{153332E2-9939-46EE-982E-CE2415643B8A}.Release|x64.ActiveCfg = Release|Any CPU
		{153332E2-9939-46EE-982E-CE2415643B8A}.Release|x64.Build.0 = Release|Any CPU
		{153332E2-9939-46EE-982E-CE2415643B8A}.Release|x86.ActiveCfg = Release|Any CPU
		{153332E2-9939-46EE-982E-CE2415643B8A}.Release|x86.Build.0 = Release|Any CPU
	EndGlobalSection
	GlobalSection(SolutionProperties) = preSolution
		HideSolutionNode = FALSE
	EndGlobalSection
	GlobalSection(NestedProjects) = preSolution
		{29AAFC90-254E-408F-96D0-1C523048D547} = {EEE23CC6-ADCC-4A4C-BE12-8645AE46D513}
		{C52E4620-D5EB-45CF-8740-EA9CD689F1FA} = {29AAFC90-254E-408F-96D0-1C523048D547}
		{9DEC4BEE-A4B0-41AE-926F-4F97450F4115} = {29AAFC90-254E-408F-96D0-1C523048D547}
		{A3B0D767-D33D-49D6-A8F3-8BDF316549DD} = {E8AA72DF-76B7-46DF-BF01-B79BEC82DF67}
		{1A6FF0BD-991A-417E-A79D-98EBB4208816} = {AEA1103C-E9B0-411A-84B7-5C862D882C76}
		{AC1FB0F6-D947-46E0-9F28-694B1561BDB8} = {AEA1103C-E9B0-411A-84B7-5C862D882C76}
		{44D125B3-6C8A-4F2F-A76F-BFFB2AD7E70D} = {AEA1103C-E9B0-411A-84B7-5C862D882C76}
		{AECE188B-3BA6-483E-9D7D-82B684574080} = {EEE23CC6-ADCC-4A4C-BE12-8645AE46D513}
		{FCD70E61-461B-4313-9669-9F5A4E900B77} = {AECE188B-3BA6-483E-9D7D-82B684574080}
		{153332E2-9939-46EE-982E-CE2415643B8A} = {AECE188B-3BA6-483E-9D7D-82B684574080}
	EndGlobalSection
	GlobalSection(ExtensibilityGlobals) = postSolution
		SolutionGuid = {F326D253-1AC6-4224-8FFF-FB419F0980D8}
	EndGlobalSection
	GlobalSection(SharedMSBuildProjectFiles) = preSolution
		src\ReswPlus.Shared\ReswPlus.Shared.projitems*{1a6ff0bd-991a-417e-a79d-98ebb4208816}*SharedItemsImports = 13
		src\ReswPlus.Shared\ReswPlus.Shared.projitems*{44d125b3-6c8a-4f2f-a76f-bffb2ad7e70d}*SharedItemsImports = 5
		src\ReswPlus.Shared\ReswPlus.Shared.projitems*{ac1fb0f6-d947-46e0-9f28-694b1561bdb8}*SharedItemsImports = 5
	EndGlobalSection
EndGlobal
