
Microsoft Visual Studio Solution File, Format Version 12.00
# Visual Studio 15
VisualStudioVersion = 15.0.28307.421
MinimumVisualStudioVersion = 10.0.40219.1
Project("{FAE04EC0-301F-11D3-BF4B-00C04F79EFBC}") = "ReswPlusVSIX", "ReswPlusVSIX\ReswPlusVSIX.csproj", "{97332AD0-ADD6-401D-A96F-A939B2B01041}"
EndProject
Project("{2150E333-8FDC-42A3-9474-1A3956D46DE8}") = "Samples", "Samples", "{DE7D9AFA-B810-4E5E-933D-70EDA1C76E0F}"
EndProject
Project("{FAE04EC0-301F-11D3-BF4B-00C04F79EFBC}") = "ReswPlusSample", "Samples\ReswPlusSample.csproj", "{C52E4620-D5EB-45CF-8740-EA9CD689F1FA}"
EndProject
Global
	GlobalSection(SolutionConfigurationPlatforms) = preSolution
		Debug|Any CPU = Debug|Any CPU
		Debug|ARM = Debug|ARM
		Debug|ARM64 = Debug|ARM64
		Debug|x64 = Debug|x64
		Debug|x86 = Debug|x86
		Release|Any CPU = Release|Any CPU
		Release|ARM = Release|ARM
		Release|ARM64 = Release|ARM64
		Release|x64 = Release|x64
		Release|x86 = Release|x86
	EndGlobalSection
	GlobalSection(ProjectConfigurationPlatforms) = postSolution
		{97332AD0-ADD6-401D-A96F-A939B2B01041}.Debug|Any CPU.ActiveCfg = Debug|Any CPU
		{97332AD0-ADD6-401D-A96F-A939B2B01041}.Debug|Any CPU.Build.0 = Debug|Any CPU
		{97332AD0-ADD6-401D-A96F-A939B2B01041}.Debug|ARM.ActiveCfg = Debug|Any CPU
		{97332AD0-ADD6-401D-A96F-A939B2B01041}.Debug|ARM.Build.0 = Debug|Any CPU
		{97332AD0-ADD6-401D-A96F-A939B2B01041}.Debug|ARM64.ActiveCfg = Debug|Any CPU
		{97332AD0-ADD6-401D-A96F-A939B2B01041}.Debug|ARM64.Build.0 = Debug|Any CPU
		{97332AD0-ADD6-401D-A96F-A939B2B01041}.Debug|x64.ActiveCfg = Debug|Any CPU
		{97332AD0-ADD6-401D-A96F-A939B2B01041}.Debug|x64.Build.0 = Debug|Any CPU
		{97332AD0-ADD6-401D-A96F-A939B2B01041}.Debug|x86.ActiveCfg = Debug|Any CPU
		{97332AD0-ADD6-401D-A96F-A939B2B01041}.Debug|x86.Build.0 = Debug|Any CPU
		{97332AD0-ADD6-401D-A96F-A939B2B01041}.Release|Any CPU.ActiveCfg = Release|Any CPU
		{97332AD0-ADD6-401D-A96F-A939B2B01041}.Release|Any CPU.Build.0 = Release|Any CPU
		{97332AD0-ADD6-401D-A96F-A939B2B01041}.Release|ARM.ActiveCfg = Release|Any CPU
		{97332AD0-ADD6-401D-A96F-A939B2B01041}.Release|ARM.Build.0 = Release|Any CPU
		{97332AD0-ADD6-401D-A96F-A939B2B01041}.Release|ARM64.ActiveCfg = Release|Any CPU
		{97332AD0-ADD6-401D-A96F-A939B2B01041}.Release|ARM64.Build.0 = Release|Any CPU
		{97332AD0-ADD6-401D-A96F-A939B2B01041}.Release|x64.ActiveCfg = Release|Any CPU
		{97332AD0-ADD6-401D-A96F-A939B2B01041}.Release|x64.Build.0 = Release|Any CPU
		{97332AD0-ADD6-401D-A96F-A939B2B01041}.Release|x86.ActiveCfg = Release|Any CPU
		{97332AD0-ADD6-401D-A96F-A939B2B01041}.Release|x86.Build.0 = Release|Any CPU
		{C52E4620-D5EB-45CF-8740-EA9CD689F1FA}.Debug|Any CPU.ActiveCfg = Debug|x86
		{C52E4620-D5EB-45CF-8740-EA9CD689F1FA}.Debug|Any CPU.Build.0 = Debug|x86
		{C52E4620-D5EB-45CF-8740-EA9CD689F1FA}.Debug|Any CPU.Deploy.0 = Debug|x86
		{C52E4620-D5EB-45CF-8740-EA9CD689F1FA}.Debug|ARM.ActiveCfg = Debug|ARM
		{C52E4620-D5EB-45CF-8740-EA9CD689F1FA}.Debug|ARM.Build.0 = Debug|ARM
		{C52E4620-D5EB-45CF-8740-EA9CD689F1FA}.Debug|ARM.Deploy.0 = Debug|ARM
		{C52E4620-D5EB-45CF-8740-EA9CD689F1FA}.Debug|ARM64.ActiveCfg = Debug|ARM64
		{C52E4620-D5EB-45CF-8740-EA9CD689F1FA}.Debug|ARM64.Build.0 = Debug|ARM64
		{C52E4620-D5EB-45CF-8740-EA9CD689F1FA}.Debug|ARM64.Deploy.0 = Debug|ARM64
		{C52E4620-D5EB-45CF-8740-EA9CD689F1FA}.Debug|x64.ActiveCfg = Debug|x64
		{C52E4620-D5EB-45CF-8740-EA9CD689F1FA}.Debug|x64.Build.0 = Debug|x64
		{C52E4620-D5EB-45CF-8740-EA9CD689F1FA}.Debug|x64.Deploy.0 = Debug|x64
		{C52E4620-D5EB-45CF-8740-EA9CD689F1FA}.Debug|x86.ActiveCfg = Debug|x86
		{C52E4620-D5EB-45CF-8740-EA9CD689F1FA}.Debug|x86.Build.0 = Debug|x86
		{C52E4620-D5EB-45CF-8740-EA9CD689F1FA}.Debug|x86.Deploy.0 = Debug|x86
		{C52E4620-D5EB-45CF-8740-EA9CD689F1FA}.Release|Any CPU.ActiveCfg = Release|x86
		{C52E4620-D5EB-45CF-8740-EA9CD689F1FA}.Release|Any CPU.Build.0 = Release|x86
		{C52E4620-D5EB-45CF-8740-EA9CD689F1FA}.Release|Any CPU.Deploy.0 = Release|x86
		{C52E4620-D5EB-45CF-8740-EA9CD689F1FA}.Release|ARM.ActiveCfg = Release|ARM
		{C52E4620-D5EB-45CF-8740-EA9CD689F1FA}.Release|ARM.Build.0 = Release|ARM
		{C52E4620-D5EB-45CF-8740-EA9CD689F1FA}.Release|ARM.Deploy.0 = Release|ARM
		{C52E4620-D5EB-45CF-8740-EA9CD689F1FA}.Release|ARM64.ActiveCfg = Release|ARM64
		{C52E4620-D5EB-45CF-8740-EA9CD689F1FA}.Release|ARM64.Build.0 = Release|ARM64
		{C52E4620-D5EB-45CF-8740-EA9CD689F1FA}.Release|ARM64.Deploy.0 = Release|ARM64
		{C52E4620-D5EB-45CF-8740-EA9CD689F1FA}.Release|x64.ActiveCfg = Release|x64
		{C52E4620-D5EB-45CF-8740-EA9CD689F1FA}.Release|x64.Build.0 = Release|x64
		{C52E4620-D5EB-45CF-8740-EA9CD689F1FA}.Release|x64.Deploy.0 = Release|x64
		{C52E4620-D5EB-45CF-8740-EA9CD689F1FA}.Release|x86.ActiveCfg = Release|x86
		{C52E4620-D5EB-45CF-8740-EA9CD689F1FA}.Release|x86.Build.0 = Release|x86
		{C52E4620-D5EB-45CF-8740-EA9CD689F1FA}.Release|x86.Deploy.0 = Release|x86
	EndGlobalSection
	GlobalSection(SolutionProperties) = preSolution
		HideSolutionNode = FALSE
	EndGlobalSection
	GlobalSection(NestedProjects) = preSolution
		{C52E4620-D5EB-45CF-8740-EA9CD689F1FA} = {DE7D9AFA-B810-4E5E-933D-70EDA1C76E0F}
	EndGlobalSection
	GlobalSection(ExtensibilityGlobals) = postSolution
		SolutionGuid = {F326D253-1AC6-4224-8FFF-FB419F0980D8}
	EndGlobalSection
EndGlobal
