
Microsoft Visual Studio Solution File, Format Version 12.00
# Visual Studio 15
VisualStudioVersion = 15.0.28307.421
MinimumVisualStudioVersion = 10.0.40219.1
Project("{FAE04EC0-301F-11D3-BF4B-00C04F79EFBC}") = "ReswPlusVSIX", "VSExtension\ReswPlusVSIX\ReswPlusVSIX.csproj", "{97332AD0-ADD6-401D-A96F-A939B2B01041}"
EndProject
Project("{2150E333-8FDC-42A3-9474-1A3956D46DE8}") = "Samples", "Samples", "{DE7D9AFA-B810-4E5E-933D-70EDA1C76E0F}"
EndProject
Project("{FAE04EC0-301F-11D3-BF4B-00C04F79EFBC}") = "ReswPlusSample", "VSExtension\Samples\ReswPlusSample.csproj", "{C52E4620-D5EB-45CF-8740-EA9CD689F1FA}"
EndProject
Project("{2150E333-8FDC-42A3-9474-1A3956D46DE8}") = "VisualExtension", "VisualExtension", "{AEA1103C-E9B0-411A-84B7-5C862D882C76}"
EndProject
Project("{D954291E-2A0B-460D-934E-DC6B0785DB48}") = "ReswPlusLib.Shared", "Library\ReswPlusLib.Shared\ReswPlusLib.Shared.shproj", "{1CEE422A-F0FC-4D54-B606-5F942C8F6159}"
EndProject
Project("{FAE04EC0-301F-11D3-BF4B-00C04F79EFBC}") = "ReswPlusLib.WinRT", "Library\ReswPlusLib.WinRT\ReswPlusLib.WinRT.csproj", "{26C68EEB-B24A-4BCF-943A-A46C3E76A144}"
EndProject
Project("{FAE04EC0-301F-11D3-BF4B-00C04F79EFBC}") = "ReswPlusLib.UWP", "Library\ReswPlusLib.UWP\ReswPlusLib.UWP.csproj", "{D14CD365-DE80-4F9F-8019-5EE08CE6D8B0}"
EndProject
Project("{9A19103F-16F7-4668-BE54-9A1E7A4F7556}") = "ReswPlusLib.AspNetCore", "Library\ReswPlusLib.DotNetCore\ReswPlusLib.AspNetCore.csproj", "{7F0F9C15-A38A-4106-B1E3-119F576BF2B0}"
EndProject
Project("{9A19103F-16F7-4668-BE54-9A1E7A4F7556}") = "ReswPlusLib.DotNetStandard", "Library\ReswPlusLib.DotNetStandard\ReswPlusLib.DotNetStandard.csproj", "{B75A8578-4836-4459-A160-324297733D4F}"
EndProject
Project("{2150E333-8FDC-42A3-9474-1A3956D46DE8}") = "Tests", "Tests", "{A5B98809-1188-4C6C-939B-360D5F011BD2}"
EndProject
Project("{FAE04EC0-301F-11D3-BF4B-00C04F79EFBC}") = "TestCSharpUWP", "Library\Tests\TestCSharpUWP\TestCSharpUWP.csproj", "{155CFF6E-B214-46E4-84B3-FF24A32137B4}"
EndProject
Project("{FAE04EC0-301F-11D3-BF4B-00C04F79EFBC}") = "TestCSharpWPF", "Library\Tests\TestCSharpWPF\TestCSharpWPF.csproj", "{67322C81-8235-4C0E-9872-9378B26D5B67}"
EndProject
Project("{9A19103F-16F7-4668-BE54-9A1E7A4F7556}") = "TestCSharpCoreConsole", "Library\Tests\TestCSharpCoreConsole\TestCSharpCoreConsole.csproj", "{74C4F56A-5D77-423D-A092-C5072EC424BC}"
EndProject
Project("{778DAE3C-4631-46EA-AA77-85C1314464D9}") = "TestVBCoreConsole", "Library\Tests\TestVBCoreConsole\TestVBCoreConsole.vbproj", "{72CA7AA8-91A9-4F7B-91F0-317678D8853C}"
EndProject
Project("{9A19103F-16F7-4668-BE54-9A1E7A4F7556}") = "TestCSharpAspNetCore", "Library\Tests\TestCSharpAspNetCore\TestCSharpAspNetCore.csproj", "{D7822D74-397E-4150-9388-1C4283ABB160}"
EndProject
Project("{2150E333-8FDC-42A3-9474-1A3956D46DE8}") = "UWP", "UWP", "{68DB1B9F-A9D0-4E8F-80C9-B1D9AE4A49C0}"
EndProject
Project("{2150E333-8FDC-42A3-9474-1A3956D46DE8}") = "Desktop", "Desktop", "{F81A6316-5075-4F67-B77C-AB930CC75409}"
EndProject
Project("{2150E333-8FDC-42A3-9474-1A3956D46DE8}") = "NetCore", "NetCore", "{27D0747D-10C5-4997-A89E-E8881607F128}"
EndProject
Project("{8BC9CEB8-8B4A-11D0-8D11-00A0C91BC942}") = "TestCppCXUWP", "Library\Tests\TestCppCXUWP\TestCppCXUWP.vcxproj", "{D65F69F6-E8A6-40D1-9DA4-F449C362270B}"
EndProject
Project("{2150E333-8FDC-42A3-9474-1A3956D46DE8}") = "Library", "Library", "{9A916DC0-E7B1-408A-A89E-0D75E43E488F}"
EndProject
Global
	GlobalSection(SharedMSBuildProjectFiles) = preSolution
		Library\ReswPlusLib.Shared\ReswPlusLib.Shared.projitems*{1cee422a-f0fc-4d54-b606-5f942c8f6159}*SharedItemsImports = 13
		Library\ReswPlusLib.Shared\ReswPlusLib.Shared.projitems*{26c68eeb-b24a-4bcf-943a-a46c3e76a144}*SharedItemsImports = 4
		Library\ReswPlusLib.Shared\ReswPlusLib.Shared.projitems*{d14cd365-de80-4f9f-8019-5ee08ce6d8b0}*SharedItemsImports = 4
	EndGlobalSection
	GlobalSection(SolutionConfigurationPlatforms) = preSolution
		Debug|Any CPU = Debug|Any CPU
		Debug|ARM = Debug|ARM
		Debug|ARM64 = Debug|ARM64
		Debug|x64 = Debug|x64
		Debug|x86 = Debug|x86
		Release|Any CPU = Release|Any CPU
		Release|ARM = Release|ARM
		Release|ARM64 = Release|ARM64
		Release|x64 = Release|x64
		Release|x86 = Release|x86
	EndGlobalSection
	GlobalSection(ProjectConfigurationPlatforms) = postSolution
		{97332AD0-ADD6-401D-A96F-A939B2B01041}.Debug|Any CPU.ActiveCfg = Debug|Any CPU
		{97332AD0-ADD6-401D-A96F-A939B2B01041}.Debug|Any CPU.Build.0 = Debug|Any CPU
		{97332AD0-ADD6-401D-A96F-A939B2B01041}.Debug|ARM.ActiveCfg = Debug|Any CPU
		{97332AD0-ADD6-401D-A96F-A939B2B01041}.Debug|ARM.Build.0 = Debug|Any CPU
		{97332AD0-ADD6-401D-A96F-A939B2B01041}.Debug|ARM64.ActiveCfg = Debug|Any CPU
		{97332AD0-ADD6-401D-A96F-A939B2B01041}.Debug|ARM64.Build.0 = Debug|Any CPU
		{97332AD0-ADD6-401D-A96F-A939B2B01041}.Debug|x64.ActiveCfg = Debug|Any CPU
		{97332AD0-ADD6-401D-A96F-A939B2B01041}.Debug|x64.Build.0 = Debug|Any CPU
		{97332AD0-ADD6-401D-A96F-A939B2B01041}.Debug|x86.ActiveCfg = Debug|Any CPU
		{97332AD0-ADD6-401D-A96F-A939B2B01041}.Debug|x86.Build.0 = Debug|Any CPU
		{97332AD0-ADD6-401D-A96F-A939B2B01041}.Release|Any CPU.ActiveCfg = Release|Any CPU
		{97332AD0-ADD6-401D-A96F-A939B2B01041}.Release|Any CPU.Build.0 = Release|Any CPU
		{97332AD0-ADD6-401D-A96F-A939B2B01041}.Release|ARM.ActiveCfg = Release|Any CPU
		{97332AD0-ADD6-401D-A96F-A939B2B01041}.Release|ARM.Build.0 = Release|Any CPU
		{97332AD0-ADD6-401D-A96F-A939B2B01041}.Release|ARM64.ActiveCfg = Release|Any CPU
		{97332AD0-ADD6-401D-A96F-A939B2B01041}.Release|ARM64.Build.0 = Release|Any CPU
		{97332AD0-ADD6-401D-A96F-A939B2B01041}.Release|x64.ActiveCfg = Release|Any CPU
		{97332AD0-ADD6-401D-A96F-A939B2B01041}.Release|x64.Build.0 = Release|Any CPU
		{97332AD0-ADD6-401D-A96F-A939B2B01041}.Release|x86.ActiveCfg = Release|Any CPU
		{97332AD0-ADD6-401D-A96F-A939B2B01041}.Release|x86.Build.0 = Release|Any CPU
		{C52E4620-D5EB-45CF-8740-EA9CD689F1FA}.Debug|Any CPU.ActiveCfg = Debug|x86
		{C52E4620-D5EB-45CF-8740-EA9CD689F1FA}.Debug|Any CPU.Build.0 = Debug|x86
		{C52E4620-D5EB-45CF-8740-EA9CD689F1FA}.Debug|Any CPU.Deploy.0 = Debug|x86
		{C52E4620-D5EB-45CF-8740-EA9CD689F1FA}.Debug|ARM.ActiveCfg = Debug|ARM
		{C52E4620-D5EB-45CF-8740-EA9CD689F1FA}.Debug|ARM.Build.0 = Debug|ARM
		{C52E4620-D5EB-45CF-8740-EA9CD689F1FA}.Debug|ARM.Deploy.0 = Debug|ARM
		{C52E4620-D5EB-45CF-8740-EA9CD689F1FA}.Debug|ARM64.ActiveCfg = Debug|ARM64
		{C52E4620-D5EB-45CF-8740-EA9CD689F1FA}.Debug|ARM64.Build.0 = Debug|ARM64
		{C52E4620-D5EB-45CF-8740-EA9CD689F1FA}.Debug|ARM64.Deploy.0 = Debug|ARM64
		{C52E4620-D5EB-45CF-8740-EA9CD689F1FA}.Debug|x64.ActiveCfg = Debug|x64
		{C52E4620-D5EB-45CF-8740-EA9CD689F1FA}.Debug|x64.Build.0 = Debug|x64
		{C52E4620-D5EB-45CF-8740-EA9CD689F1FA}.Debug|x64.Deploy.0 = Debug|x64
		{C52E4620-D5EB-45CF-8740-EA9CD689F1FA}.Debug|x86.ActiveCfg = Debug|x86
		{C52E4620-D5EB-45CF-8740-EA9CD689F1FA}.Debug|x86.Build.0 = Debug|x86
		{C52E4620-D5EB-45CF-8740-EA9CD689F1FA}.Debug|x86.Deploy.0 = Debug|x86
		{C52E4620-D5EB-45CF-8740-EA9CD689F1FA}.Release|Any CPU.ActiveCfg = Release|x86
		{C52E4620-D5EB-45CF-8740-EA9CD689F1FA}.Release|Any CPU.Build.0 = Release|x86
		{C52E4620-D5EB-45CF-8740-EA9CD689F1FA}.Release|Any CPU.Deploy.0 = Release|x86
		{C52E4620-D5EB-45CF-8740-EA9CD689F1FA}.Release|ARM.ActiveCfg = Release|ARM
		{C52E4620-D5EB-45CF-8740-EA9CD689F1FA}.Release|ARM.Build.0 = Release|ARM
		{C52E4620-D5EB-45CF-8740-EA9CD689F1FA}.Release|ARM.Deploy.0 = Release|ARM
		{C52E4620-D5EB-45CF-8740-EA9CD689F1FA}.Release|ARM64.ActiveCfg = Release|ARM64
		{C52E4620-D5EB-45CF-8740-EA9CD689F1FA}.Release|ARM64.Build.0 = Release|ARM64
		{C52E4620-D5EB-45CF-8740-EA9CD689F1FA}.Release|ARM64.Deploy.0 = Release|ARM64
		{C52E4620-D5EB-45CF-8740-EA9CD689F1FA}.Release|x64.ActiveCfg = Release|x64
		{C52E4620-D5EB-45CF-8740-EA9CD689F1FA}.Release|x64.Build.0 = Release|x64
		{C52E4620-D5EB-45CF-8740-EA9CD689F1FA}.Release|x64.Deploy.0 = Release|x64
		{C52E4620-D5EB-45CF-8740-EA9CD689F1FA}.Release|x86.ActiveCfg = Release|x86
		{C52E4620-D5EB-45CF-8740-EA9CD689F1FA}.Release|x86.Build.0 = Release|x86
		{C52E4620-D5EB-45CF-8740-EA9CD689F1FA}.Release|x86.Deploy.0 = Release|x86
		{26C68EEB-B24A-4BCF-943A-A46C3E76A144}.Debug|Any CPU.ActiveCfg = Debug|Any CPU
		{26C68EEB-B24A-4BCF-943A-A46C3E76A144}.Debug|Any CPU.Build.0 = Debug|Any CPU
		{26C68EEB-B24A-4BCF-943A-A46C3E76A144}.Debug|ARM.ActiveCfg = Debug|Any CPU
		{26C68EEB-B24A-4BCF-943A-A46C3E76A144}.Debug|ARM.Build.0 = Debug|Any CPU
		{26C68EEB-B24A-4BCF-943A-A46C3E76A144}.Debug|ARM64.ActiveCfg = Debug|Any CPU
		{26C68EEB-B24A-4BCF-943A-A46C3E76A144}.Debug|ARM64.Build.0 = Debug|Any CPU
		{26C68EEB-B24A-4BCF-943A-A46C3E76A144}.Debug|x64.ActiveCfg = Debug|Any CPU
		{26C68EEB-B24A-4BCF-943A-A46C3E76A144}.Debug|x64.Build.0 = Debug|Any CPU
		{26C68EEB-B24A-4BCF-943A-A46C3E76A144}.Debug|x86.ActiveCfg = Debug|Any CPU
		{26C68EEB-B24A-4BCF-943A-A46C3E76A144}.Debug|x86.Build.0 = Debug|Any CPU
		{26C68EEB-B24A-4BCF-943A-A46C3E76A144}.Release|Any CPU.ActiveCfg = Release|Any CPU
		{26C68EEB-B24A-4BCF-943A-A46C3E76A144}.Release|Any CPU.Build.0 = Release|Any CPU
		{26C68EEB-B24A-4BCF-943A-A46C3E76A144}.Release|ARM.ActiveCfg = Release|Any CPU
		{26C68EEB-B24A-4BCF-943A-A46C3E76A144}.Release|ARM.Build.0 = Release|Any CPU
		{26C68EEB-B24A-4BCF-943A-A46C3E76A144}.Release|ARM64.ActiveCfg = Release|Any CPU
		{26C68EEB-B24A-4BCF-943A-A46C3E76A144}.Release|ARM64.Build.0 = Release|Any CPU
		{26C68EEB-B24A-4BCF-943A-A46C3E76A144}.Release|x64.ActiveCfg = Release|Any CPU
		{26C68EEB-B24A-4BCF-943A-A46C3E76A144}.Release|x64.Build.0 = Release|Any CPU
		{26C68EEB-B24A-4BCF-943A-A46C3E76A144}.Release|x86.ActiveCfg = Release|Any CPU
		{26C68EEB-B24A-4BCF-943A-A46C3E76A144}.Release|x86.Build.0 = Release|Any CPU
		{D14CD365-DE80-4F9F-8019-5EE08CE6D8B0}.Debug|Any CPU.ActiveCfg = Debug|Any CPU
		{D14CD365-DE80-4F9F-8019-5EE08CE6D8B0}.Debug|Any CPU.Build.0 = Debug|Any CPU
		{D14CD365-DE80-4F9F-8019-5EE08CE6D8B0}.Debug|ARM.ActiveCfg = Debug|ARM
		{D14CD365-DE80-4F9F-8019-5EE08CE6D8B0}.Debug|ARM.Build.0 = Debug|ARM
		{D14CD365-DE80-4F9F-8019-5EE08CE6D8B0}.Debug|ARM64.ActiveCfg = Debug|ARM64
		{D14CD365-DE80-4F9F-8019-5EE08CE6D8B0}.Debug|ARM64.Build.0 = Debug|ARM64
		{D14CD365-DE80-4F9F-8019-5EE08CE6D8B0}.Debug|x64.ActiveCfg = Debug|x64
		{D14CD365-DE80-4F9F-8019-5EE08CE6D8B0}.Debug|x64.Build.0 = Debug|x64
		{D14CD365-DE80-4F9F-8019-5EE08CE6D8B0}.Debug|x86.ActiveCfg = Debug|x86
		{D14CD365-DE80-4F9F-8019-5EE08CE6D8B0}.Debug|x86.Build.0 = Debug|x86
		{D14CD365-DE80-4F9F-8019-5EE08CE6D8B0}.Release|Any CPU.ActiveCfg = Release|Any CPU
		{D14CD365-DE80-4F9F-8019-5EE08CE6D8B0}.Release|Any CPU.Build.0 = Release|Any CPU
		{D14CD365-DE80-4F9F-8019-5EE08CE6D8B0}.Release|ARM.ActiveCfg = Release|ARM
		{D14CD365-DE80-4F9F-8019-5EE08CE6D8B0}.Release|ARM.Build.0 = Release|ARM
		{D14CD365-DE80-4F9F-8019-5EE08CE6D8B0}.Release|ARM64.ActiveCfg = Release|ARM64
		{D14CD365-DE80-4F9F-8019-5EE08CE6D8B0}.Release|ARM64.Build.0 = Release|ARM64
		{D14CD365-DE80-4F9F-8019-5EE08CE6D8B0}.Release|x64.ActiveCfg = Release|x64
		{D14CD365-DE80-4F9F-8019-5EE08CE6D8B0}.Release|x64.Build.0 = Release|x64
		{D14CD365-DE80-4F9F-8019-5EE08CE6D8B0}.Release|x86.ActiveCfg = Release|x86
		{D14CD365-DE80-4F9F-8019-5EE08CE6D8B0}.Release|x86.Build.0 = Release|x86
		{7F0F9C15-A38A-4106-B1E3-119F576BF2B0}.Debug|Any CPU.ActiveCfg = Debug|Any CPU
		{7F0F9C15-A38A-4106-B1E3-119F576BF2B0}.Debug|Any CPU.Build.0 = Debug|Any CPU
		{7F0F9C15-A38A-4106-B1E3-119F576BF2B0}.Debug|ARM.ActiveCfg = Debug|Any CPU
		{7F0F9C15-A38A-4106-B1E3-119F576BF2B0}.Debug|ARM.Build.0 = Debug|Any CPU
		{7F0F9C15-A38A-4106-B1E3-119F576BF2B0}.Debug|ARM64.ActiveCfg = Debug|Any CPU
		{7F0F9C15-A38A-4106-B1E3-119F576BF2B0}.Debug|ARM64.Build.0 = Debug|Any CPU
		{7F0F9C15-A38A-4106-B1E3-119F576BF2B0}.Debug|x64.ActiveCfg = Debug|Any CPU
		{7F0F9C15-A38A-4106-B1E3-119F576BF2B0}.Debug|x64.Build.0 = Debug|Any CPU
		{7F0F9C15-A38A-4106-B1E3-119F576BF2B0}.Debug|x86.ActiveCfg = Debug|Any CPU
		{7F0F9C15-A38A-4106-B1E3-119F576BF2B0}.Debug|x86.Build.0 = Debug|Any CPU
		{7F0F9C15-A38A-4106-B1E3-119F576BF2B0}.Release|Any CPU.ActiveCfg = Release|Any CPU
		{7F0F9C15-A38A-4106-B1E3-119F576BF2B0}.Release|Any CPU.Build.0 = Release|Any CPU
		{7F0F9C15-A38A-4106-B1E3-119F576BF2B0}.Release|ARM.ActiveCfg = Release|Any CPU
		{7F0F9C15-A38A-4106-B1E3-119F576BF2B0}.Release|ARM.Build.0 = Release|Any CPU
		{7F0F9C15-A38A-4106-B1E3-119F576BF2B0}.Release|ARM64.ActiveCfg = Release|Any CPU
		{7F0F9C15-A38A-4106-B1E3-119F576BF2B0}.Release|ARM64.Build.0 = Release|Any CPU
		{7F0F9C15-A38A-4106-B1E3-119F576BF2B0}.Release|x64.ActiveCfg = Release|Any CPU
		{7F0F9C15-A38A-4106-B1E3-119F576BF2B0}.Release|x64.Build.0 = Release|Any CPU
		{7F0F9C15-A38A-4106-B1E3-119F576BF2B0}.Release|x86.ActiveCfg = Release|Any CPU
		{7F0F9C15-A38A-4106-B1E3-119F576BF2B0}.Release|x86.Build.0 = Release|Any CPU
		{B75A8578-4836-4459-A160-324297733D4F}.Debug|Any CPU.ActiveCfg = Debug|Any CPU
		{B75A8578-4836-4459-A160-324297733D4F}.Debug|Any CPU.Build.0 = Debug|Any CPU
		{B75A8578-4836-4459-A160-324297733D4F}.Debug|ARM.ActiveCfg = Debug|Any CPU
		{B75A8578-4836-4459-A160-324297733D4F}.Debug|ARM.Build.0 = Debug|Any CPU
		{B75A8578-4836-4459-A160-324297733D4F}.Debug|ARM64.ActiveCfg = Debug|Any CPU
		{B75A8578-4836-4459-A160-324297733D4F}.Debug|ARM64.Build.0 = Debug|Any CPU
		{B75A8578-4836-4459-A160-324297733D4F}.Debug|x64.ActiveCfg = Debug|Any CPU
		{B75A8578-4836-4459-A160-324297733D4F}.Debug|x64.Build.0 = Debug|Any CPU
		{B75A8578-4836-4459-A160-324297733D4F}.Debug|x86.ActiveCfg = Debug|Any CPU
		{B75A8578-4836-4459-A160-324297733D4F}.Debug|x86.Build.0 = Debug|Any CPU
		{B75A8578-4836-4459-A160-324297733D4F}.Release|Any CPU.ActiveCfg = Release|Any CPU
		{B75A8578-4836-4459-A160-324297733D4F}.Release|Any CPU.Build.0 = Release|Any CPU
		{B75A8578-4836-4459-A160-324297733D4F}.Release|ARM.ActiveCfg = Release|Any CPU
		{B75A8578-4836-4459-A160-324297733D4F}.Release|ARM.Build.0 = Release|Any CPU
		{B75A8578-4836-4459-A160-324297733D4F}.Release|ARM64.ActiveCfg = Release|Any CPU
		{B75A8578-4836-4459-A160-324297733D4F}.Release|ARM64.Build.0 = Release|Any CPU
		{B75A8578-4836-4459-A160-324297733D4F}.Release|x64.ActiveCfg = Release|Any CPU
		{B75A8578-4836-4459-A160-324297733D4F}.Release|x64.Build.0 = Release|Any CPU
		{B75A8578-4836-4459-A160-324297733D4F}.Release|x86.ActiveCfg = Release|Any CPU
		{B75A8578-4836-4459-A160-324297733D4F}.Release|x86.Build.0 = Release|Any CPU
		{155CFF6E-B214-46E4-84B3-FF24A32137B4}.Debug|Any CPU.ActiveCfg = Debug|x86
		{155CFF6E-B214-46E4-84B3-FF24A32137B4}.Debug|Any CPU.Build.0 = Debug|x86
		{155CFF6E-B214-46E4-84B3-FF24A32137B4}.Debug|ARM.ActiveCfg = Debug|ARM
		{155CFF6E-B214-46E4-84B3-FF24A32137B4}.Debug|ARM.Build.0 = Debug|ARM
		{155CFF6E-B214-46E4-84B3-FF24A32137B4}.Debug|ARM.Deploy.0 = Debug|ARM
		{155CFF6E-B214-46E4-84B3-FF24A32137B4}.Debug|ARM64.ActiveCfg = Debug|ARM64
		{155CFF6E-B214-46E4-84B3-FF24A32137B4}.Debug|ARM64.Build.0 = Debug|ARM64
		{155CFF6E-B214-46E4-84B3-FF24A32137B4}.Debug|ARM64.Deploy.0 = Debug|ARM64
		{155CFF6E-B214-46E4-84B3-FF24A32137B4}.Debug|x64.ActiveCfg = Debug|x64
		{155CFF6E-B214-46E4-84B3-FF24A32137B4}.Debug|x64.Build.0 = Debug|x64
		{155CFF6E-B214-46E4-84B3-FF24A32137B4}.Debug|x64.Deploy.0 = Debug|x64
		{155CFF6E-B214-46E4-84B3-FF24A32137B4}.Debug|x86.ActiveCfg = Debug|x86
		{155CFF6E-B214-46E4-84B3-FF24A32137B4}.Debug|x86.Build.0 = Debug|x86
		{155CFF6E-B214-46E4-84B3-FF24A32137B4}.Debug|x86.Deploy.0 = Debug|x86
		{155CFF6E-B214-46E4-84B3-FF24A32137B4}.Release|Any CPU.ActiveCfg = Release|x86
		{155CFF6E-B214-46E4-84B3-FF24A32137B4}.Release|ARM.ActiveCfg = Release|ARM
		{155CFF6E-B214-46E4-84B3-FF24A32137B4}.Release|ARM.Build.0 = Release|ARM
		{155CFF6E-B214-46E4-84B3-FF24A32137B4}.Release|ARM.Deploy.0 = Release|ARM
		{155CFF6E-B214-46E4-84B3-FF24A32137B4}.Release|ARM64.ActiveCfg = Release|ARM64
		{155CFF6E-B214-46E4-84B3-FF24A32137B4}.Release|ARM64.Build.0 = Release|ARM64
		{155CFF6E-B214-46E4-84B3-FF24A32137B4}.Release|ARM64.Deploy.0 = Release|ARM64
		{155CFF6E-B214-46E4-84B3-FF24A32137B4}.Release|x64.ActiveCfg = Release|x64
		{155CFF6E-B214-46E4-84B3-FF24A32137B4}.Release|x64.Build.0 = Release|x64
		{155CFF6E-B214-46E4-84B3-FF24A32137B4}.Release|x64.Deploy.0 = Release|x64
		{155CFF6E-B214-46E4-84B3-FF24A32137B4}.Release|x86.ActiveCfg = Release|x86
		{155CFF6E-B214-46E4-84B3-FF24A32137B4}.Release|x86.Build.0 = Release|x86
		{155CFF6E-B214-46E4-84B3-FF24A32137B4}.Release|x86.Deploy.0 = Release|x86
		{67322C81-8235-4C0E-9872-9378B26D5B67}.Debug|Any CPU.ActiveCfg = Debug|Any CPU
		{67322C81-8235-4C0E-9872-9378B26D5B67}.Debug|Any CPU.Build.0 = Debug|Any CPU
		{67322C81-8235-4C0E-9872-9378B26D5B67}.Debug|ARM.ActiveCfg = Debug|Any CPU
		{67322C81-8235-4C0E-9872-9378B26D5B67}.Debug|ARM.Build.0 = Debug|Any CPU
		{67322C81-8235-4C0E-9872-9378B26D5B67}.Debug|ARM64.ActiveCfg = Debug|Any CPU
		{67322C81-8235-4C0E-9872-9378B26D5B67}.Debug|ARM64.Build.0 = Debug|Any CPU
		{67322C81-8235-4C0E-9872-9378B26D5B67}.Debug|x64.ActiveCfg = Debug|Any CPU
		{67322C81-8235-4C0E-9872-9378B26D5B67}.Debug|x64.Build.0 = Debug|Any CPU
		{67322C81-8235-4C0E-9872-9378B26D5B67}.Debug|x86.ActiveCfg = Debug|Any CPU
		{67322C81-8235-4C0E-9872-9378B26D5B67}.Debug|x86.Build.0 = Debug|Any CPU
		{67322C81-8235-4C0E-9872-9378B26D5B67}.Release|Any CPU.ActiveCfg = Release|Any CPU
		{67322C81-8235-4C0E-9872-9378B26D5B67}.Release|Any CPU.Build.0 = Release|Any CPU
		{67322C81-8235-4C0E-9872-9378B26D5B67}.Release|ARM.ActiveCfg = Release|Any CPU
		{67322C81-8235-4C0E-9872-9378B26D5B67}.Release|ARM.Build.0 = Release|Any CPU
		{67322C81-8235-4C0E-9872-9378B26D5B67}.Release|ARM64.ActiveCfg = Release|Any CPU
		{67322C81-8235-4C0E-9872-9378B26D5B67}.Release|ARM64.Build.0 = Release|Any CPU
		{67322C81-8235-4C0E-9872-9378B26D5B67}.Release|x64.ActiveCfg = Release|Any CPU
		{67322C81-8235-4C0E-9872-9378B26D5B67}.Release|x64.Build.0 = Release|Any CPU
		{67322C81-8235-4C0E-9872-9378B26D5B67}.Release|x86.ActiveCfg = Release|Any CPU
		{67322C81-8235-4C0E-9872-9378B26D5B67}.Release|x86.Build.0 = Release|Any CPU
		{74C4F56A-5D77-423D-A092-C5072EC424BC}.Debug|Any CPU.ActiveCfg = Debug|Any CPU
		{74C4F56A-5D77-423D-A092-C5072EC424BC}.Debug|Any CPU.Build.0 = Debug|Any CPU
		{74C4F56A-5D77-423D-A092-C5072EC424BC}.Debug|ARM.ActiveCfg = Debug|Any CPU
		{74C4F56A-5D77-423D-A092-C5072EC424BC}.Debug|ARM.Build.0 = Debug|Any CPU
		{74C4F56A-5D77-423D-A092-C5072EC424BC}.Debug|ARM64.ActiveCfg = Debug|Any CPU
		{74C4F56A-5D77-423D-A092-C5072EC424BC}.Debug|ARM64.Build.0 = Debug|Any CPU
		{74C4F56A-5D77-423D-A092-C5072EC424BC}.Debug|x64.ActiveCfg = Debug|Any CPU
		{74C4F56A-5D77-423D-A092-C5072EC424BC}.Debug|x64.Build.0 = Debug|Any CPU
		{74C4F56A-5D77-423D-A092-C5072EC424BC}.Debug|x86.ActiveCfg = Debug|Any CPU
		{74C4F56A-5D77-423D-A092-C5072EC424BC}.Debug|x86.Build.0 = Debug|Any CPU
		{74C4F56A-5D77-423D-A092-C5072EC424BC}.Release|Any CPU.ActiveCfg = Release|Any CPU
		{74C4F56A-5D77-423D-A092-C5072EC424BC}.Release|Any CPU.Build.0 = Release|Any CPU
		{74C4F56A-5D77-423D-A092-C5072EC424BC}.Release|ARM.ActiveCfg = Release|Any CPU
		{74C4F56A-5D77-423D-A092-C5072EC424BC}.Release|ARM.Build.0 = Release|Any CPU
		{74C4F56A-5D77-423D-A092-C5072EC424BC}.Release|ARM64.ActiveCfg = Release|Any CPU
		{74C4F56A-5D77-423D-A092-C5072EC424BC}.Release|ARM64.Build.0 = Release|Any CPU
		{74C4F56A-5D77-423D-A092-C5072EC424BC}.Release|x64.ActiveCfg = Release|Any CPU
		{74C4F56A-5D77-423D-A092-C5072EC424BC}.Release|x64.Build.0 = Release|Any CPU
		{74C4F56A-5D77-423D-A092-C5072EC424BC}.Release|x86.ActiveCfg = Release|Any CPU
		{74C4F56A-5D77-423D-A092-C5072EC424BC}.Release|x86.Build.0 = Release|Any CPU
		{72CA7AA8-91A9-4F7B-91F0-317678D8853C}.Debug|Any CPU.ActiveCfg = Debug|Any CPU
		{72CA7AA8-91A9-4F7B-91F0-317678D8853C}.Debug|Any CPU.Build.0 = Debug|Any CPU
		{72CA7AA8-91A9-4F7B-91F0-317678D8853C}.Debug|ARM.ActiveCfg = Debug|Any CPU
		{72CA7AA8-91A9-4F7B-91F0-317678D8853C}.Debug|ARM.Build.0 = Debug|Any CPU
		{72CA7AA8-91A9-4F7B-91F0-317678D8853C}.Debug|ARM64.ActiveCfg = Debug|Any CPU
		{72CA7AA8-91A9-4F7B-91F0-317678D8853C}.Debug|ARM64.Build.0 = Debug|Any CPU
		{72CA7AA8-91A9-4F7B-91F0-317678D8853C}.Debug|x64.ActiveCfg = Debug|Any CPU
		{72CA7AA8-91A9-4F7B-91F0-317678D8853C}.Debug|x64.Build.0 = Debug|Any CPU
		{72CA7AA8-91A9-4F7B-91F0-317678D8853C}.Debug|x86.ActiveCfg = Debug|Any CPU
		{72CA7AA8-91A9-4F7B-91F0-317678D8853C}.Debug|x86.Build.0 = Debug|Any CPU
		{72CA7AA8-91A9-4F7B-91F0-317678D8853C}.Release|Any CPU.ActiveCfg = Release|Any CPU
		{72CA7AA8-91A9-4F7B-91F0-317678D8853C}.Release|Any CPU.Build.0 = Release|Any CPU
		{72CA7AA8-91A9-4F7B-91F0-317678D8853C}.Release|ARM.ActiveCfg = Release|Any CPU
		{72CA7AA8-91A9-4F7B-91F0-317678D8853C}.Release|ARM.Build.0 = Release|Any CPU
		{72CA7AA8-91A9-4F7B-91F0-317678D8853C}.Release|ARM64.ActiveCfg = Release|Any CPU
		{72CA7AA8-91A9-4F7B-91F0-317678D8853C}.Release|ARM64.Build.0 = Release|Any CPU
		{72CA7AA8-91A9-4F7B-91F0-317678D8853C}.Release|x64.ActiveCfg = Release|Any CPU
		{72CA7AA8-91A9-4F7B-91F0-317678D8853C}.Release|x64.Build.0 = Release|Any CPU
		{72CA7AA8-91A9-4F7B-91F0-317678D8853C}.Release|x86.ActiveCfg = Release|Any CPU
		{72CA7AA8-91A9-4F7B-91F0-317678D8853C}.Release|x86.Build.0 = Release|Any CPU
		{D7822D74-397E-4150-9388-1C4283ABB160}.Debug|Any CPU.ActiveCfg = Debug|Any CPU
		{D7822D74-397E-4150-9388-1C4283ABB160}.Debug|Any CPU.Build.0 = Debug|Any CPU
		{D7822D74-397E-4150-9388-1C4283ABB160}.Debug|ARM.ActiveCfg = Debug|Any CPU
		{D7822D74-397E-4150-9388-1C4283ABB160}.Debug|ARM.Build.0 = Debug|Any CPU
		{D7822D74-397E-4150-9388-1C4283ABB160}.Debug|ARM64.ActiveCfg = Debug|Any CPU
		{D7822D74-397E-4150-9388-1C4283ABB160}.Debug|ARM64.Build.0 = Debug|Any CPU
		{D7822D74-397E-4150-9388-1C4283ABB160}.Debug|x64.ActiveCfg = Debug|Any CPU
		{D7822D74-397E-4150-9388-1C4283ABB160}.Debug|x64.Build.0 = Debug|Any CPU
		{D7822D74-397E-4150-9388-1C4283ABB160}.Debug|x86.ActiveCfg = Debug|Any CPU
		{D7822D74-397E-4150-9388-1C4283ABB160}.Debug|x86.Build.0 = Debug|Any CPU
		{D7822D74-397E-4150-9388-1C4283ABB160}.Release|Any CPU.ActiveCfg = Release|Any CPU
		{D7822D74-397E-4150-9388-1C4283ABB160}.Release|Any CPU.Build.0 = Release|Any CPU
		{D7822D74-397E-4150-9388-1C4283ABB160}.Release|ARM.ActiveCfg = Release|Any CPU
		{D7822D74-397E-4150-9388-1C4283ABB160}.Release|ARM.Build.0 = Release|Any CPU
		{D7822D74-397E-4150-9388-1C4283ABB160}.Release|ARM64.ActiveCfg = Release|Any CPU
		{D7822D74-397E-4150-9388-1C4283ABB160}.Release|ARM64.Build.0 = Release|Any CPU
		{D7822D74-397E-4150-9388-1C4283ABB160}.Release|x64.ActiveCfg = Release|Any CPU
		{D7822D74-397E-4150-9388-1C4283ABB160}.Release|x64.Build.0 = Release|Any CPU
		{D7822D74-397E-4150-9388-1C4283ABB160}.Release|x86.ActiveCfg = Release|Any CPU
		{D7822D74-397E-4150-9388-1C4283ABB160}.Release|x86.Build.0 = Release|Any CPU
		{D65F69F6-E8A6-40D1-9DA4-F449C362270B}.Debug|Any CPU.ActiveCfg = Debug|Win32
		{D65F69F6-E8A6-40D1-9DA4-F449C362270B}.Debug|Any CPU.Build.0 = Debug|Win32
		{D65F69F6-E8A6-40D1-9DA4-F449C362270B}.Debug|ARM.ActiveCfg = Debug|ARM
		{D65F69F6-E8A6-40D1-9DA4-F449C362270B}.Debug|ARM.Build.0 = Debug|ARM
		{D65F69F6-E8A6-40D1-9DA4-F449C362270B}.Debug|ARM.Deploy.0 = Debug|ARM
		{D65F69F6-E8A6-40D1-9DA4-F449C362270B}.Debug|ARM64.ActiveCfg = Debug|ARM64
		{D65F69F6-E8A6-40D1-9DA4-F449C362270B}.Debug|ARM64.Build.0 = Debug|ARM64
		{D65F69F6-E8A6-40D1-9DA4-F449C362270B}.Debug|ARM64.Deploy.0 = Debug|ARM64
		{D65F69F6-E8A6-40D1-9DA4-F449C362270B}.Debug|x64.ActiveCfg = Debug|x64
		{D65F69F6-E8A6-40D1-9DA4-F449C362270B}.Debug|x64.Build.0 = Debug|x64
		{D65F69F6-E8A6-40D1-9DA4-F449C362270B}.Debug|x64.Deploy.0 = Debug|x64
		{D65F69F6-E8A6-40D1-9DA4-F449C362270B}.Debug|x86.ActiveCfg = Debug|Win32
		{D65F69F6-E8A6-40D1-9DA4-F449C362270B}.Debug|x86.Build.0 = Debug|Win32
		{D65F69F6-E8A6-40D1-9DA4-F449C362270B}.Debug|x86.Deploy.0 = Debug|Win32
		{D65F69F6-E8A6-40D1-9DA4-F449C362270B}.Release|Any CPU.ActiveCfg = Release|Win32
		{D65F69F6-E8A6-40D1-9DA4-F449C362270B}.Release|ARM.ActiveCfg = Release|ARM
		{D65F69F6-E8A6-40D1-9DA4-F449C362270B}.Release|ARM.Build.0 = Release|ARM
		{D65F69F6-E8A6-40D1-9DA4-F449C362270B}.Release|ARM.Deploy.0 = Release|ARM
		{D65F69F6-E8A6-40D1-9DA4-F449C362270B}.Release|ARM64.ActiveCfg = Release|ARM64
		{D65F69F6-E8A6-40D1-9DA4-F449C362270B}.Release|ARM64.Build.0 = Release|ARM64
		{D65F69F6-E8A6-40D1-9DA4-F449C362270B}.Release|ARM64.Deploy.0 = Release|ARM64
		{D65F69F6-E8A6-40D1-9DA4-F449C362270B}.Release|x64.ActiveCfg = Release|x64
		{D65F69F6-E8A6-40D1-9DA4-F449C362270B}.Release|x64.Build.0 = Release|x64
		{D65F69F6-E8A6-40D1-9DA4-F449C362270B}.Release|x64.Deploy.0 = Release|x64
		{D65F69F6-E8A6-40D1-9DA4-F449C362270B}.Release|x86.ActiveCfg = Release|Win32
		{D65F69F6-E8A6-40D1-9DA4-F449C362270B}.Release|x86.Build.0 = Release|Win32
		{D65F69F6-E8A6-40D1-9DA4-F449C362270B}.Release|x86.Deploy.0 = Release|Win32
	EndGlobalSection
	GlobalSection(SolutionProperties) = preSolution
		HideSolutionNode = FALSE
	EndGlobalSection
	GlobalSection(NestedProjects) = preSolution
		{97332AD0-ADD6-401D-A96F-A939B2B01041} = {AEA1103C-E9B0-411A-84B7-5C862D882C76}
		{DE7D9AFA-B810-4E5E-933D-70EDA1C76E0F} = {AEA1103C-E9B0-411A-84B7-5C862D882C76}
		{C52E4620-D5EB-45CF-8740-EA9CD689F1FA} = {DE7D9AFA-B810-4E5E-933D-70EDA1C76E0F}
		{1CEE422A-F0FC-4D54-B606-5F942C8F6159} = {9A916DC0-E7B1-408A-A89E-0D75E43E488F}
		{26C68EEB-B24A-4BCF-943A-A46C3E76A144} = {9A916DC0-E7B1-408A-A89E-0D75E43E488F}
		{D14CD365-DE80-4F9F-8019-5EE08CE6D8B0} = {9A916DC0-E7B1-408A-A89E-0D75E43E488F}
		{7F0F9C15-A38A-4106-B1E3-119F576BF2B0} = {9A916DC0-E7B1-408A-A89E-0D75E43E488F}
		{B75A8578-4836-4459-A160-324297733D4F} = {9A916DC0-E7B1-408A-A89E-0D75E43E488F}
		{A5B98809-1188-4C6C-939B-360D5F011BD2} = {9A916DC0-E7B1-408A-A89E-0D75E43E488F}
		{155CFF6E-B214-46E4-84B3-FF24A32137B4} = {68DB1B9F-A9D0-4E8F-80C9-B1D9AE4A49C0}
		{67322C81-8235-4C0E-9872-9378B26D5B67} = {F81A6316-5075-4F67-B77C-AB930CC75409}
		{74C4F56A-5D77-423D-A092-C5072EC424BC} = {27D0747D-10C5-4997-A89E-E8881607F128}
		{72CA7AA8-91A9-4F7B-91F0-317678D8853C} = {27D0747D-10C5-4997-A89E-E8881607F128}
		{D7822D74-397E-4150-9388-1C4283ABB160} = {27D0747D-10C5-4997-A89E-E8881607F128}
		{68DB1B9F-A9D0-4E8F-80C9-B1D9AE4A49C0} = {A5B98809-1188-4C6C-939B-360D5F011BD2}
		{F81A6316-5075-4F67-B77C-AB930CC75409} = {A5B98809-1188-4C6C-939B-360D5F011BD2}
		{27D0747D-10C5-4997-A89E-E8881607F128} = {A5B98809-1188-4C6C-939B-360D5F011BD2}
		{D65F69F6-E8A6-40D1-9DA4-F449C362270B} = {68DB1B9F-A9D0-4E8F-80C9-B1D9AE4A49C0}
	EndGlobalSection
	GlobalSection(ExtensibilityGlobals) = postSolution
		SolutionGuid = {F326D253-1AC6-4224-8FFF-FB419F0980D8}
	EndGlobalSection
EndGlobal
